# This file is generated by running "yarn install" inside your project.
# Manual changes might be lost - proceed with caution!

__metadata:
  version: 8
  cacheKey: 10c0

"@alloc/quick-lru@npm:^5.2.0":
  version: 5.2.0
  resolution: "@alloc/quick-lru@npm:5.2.0"
  checksum: 10c0/7b878c48b9d25277d0e1a9b8b2f2312a314af806b4129dc902f2bc29ab09b58236e53964689feec187b28c80d2203aff03829754773a707a8a5987f1b7682d92
  languageName: node
  linkType: hard

"@ampproject/remapping@npm:^2.2.0":
  version: 2.3.0
  resolution: "@ampproject/remapping@npm:2.3.0"
  dependencies:
    "@jridgewell/gen-mapping": "npm:^0.3.5"
    "@jridgewell/trace-mapping": "npm:^0.3.24"
  checksum: 10c0/81d63cca5443e0f0c72ae18b544cc28c7c0ec2cea46e7cb888bb0e0f411a1191d0d6b7af798d54e30777d8d1488b2ec0732aac2be342d3d7d3ffd271c6f489ed
  languageName: node
  linkType: hard

"@apideck/better-ajv-errors@npm:^0.3.1":
  version: 0.3.6
  resolution: "@apideck/better-ajv-errors@npm:0.3.6"
  dependencies:
    json-schema: "npm:^0.4.0"
    jsonpointer: "npm:^5.0.0"
    leven: "npm:^3.1.0"
  peerDependencies:
    ajv: ">=8"
  checksum: 10c0/f89a1e16ecbc2ada91c56d4391c8345471e385f0b9c38d62c3bccac40ec94482cdfa496d4c2fe0af411e9851a9931c0d5042a8040f52213f603ba6b6fd7f949b
  languageName: node
  linkType: hard

"@babel/code-frame@npm:^7.0.0, @babel/code-frame@npm:^7.10.4, @babel/code-frame@npm:^7.12.13, @babel/code-frame@npm:^7.16.0, @babel/code-frame@npm:^7.25.9, @babel/code-frame@npm:^7.26.0, @babel/code-frame@npm:^7.26.2, @babel/code-frame@npm:^7.8.3":
  version: 7.26.2
  resolution: "@babel/code-frame@npm:7.26.2"
  dependencies:
    "@babel/helper-validator-identifier": "npm:^7.25.9"
    js-tokens: "npm:^4.0.0"
    picocolors: "npm:^1.0.0"
  checksum: 10c0/7d79621a6849183c415486af99b1a20b84737e8c11cd55b6544f688c51ce1fd710e6d869c3dd21232023da272a79b91efb3e83b5bc2dc65c1187c5fcd1b72ea8
  languageName: node
  linkType: hard

"@babel/code-frame@npm:^7.27.1":
  version: 7.27.1
  resolution: "@babel/code-frame@npm:7.27.1"
  dependencies:
    "@babel/helper-validator-identifier": "npm:^7.27.1"
    js-tokens: "npm:^4.0.0"
    picocolors: "npm:^1.1.1"
  checksum: 10c0/5dd9a18baa5fce4741ba729acc3a3272c49c25cb8736c4b18e113099520e7ef7b545a4096a26d600e4416157e63e87d66db46aa3fbf0a5f2286da2705c12da00
  languageName: node
  linkType: hard

"@babel/compat-data@npm:^7.22.6, @babel/compat-data@npm:^7.25.9, @babel/compat-data@npm:^7.26.0":
  version: 7.26.3
  resolution: "@babel/compat-data@npm:7.26.3"
  checksum: 10c0/d63e71845c34dfad8d7ff8c15b562e620dbf60e68e3abfa35681d24d612594e8e5ec9790d831a287ecd79ce00f48e7ffddc85c5ce94af7242d45917b9c1a5f90
  languageName: node
  linkType: hard

"@babel/core@npm:^7.1.0, @babel/core@npm:^7.11.1, @babel/core@npm:^7.12.3, @babel/core@npm:^7.16.0, @babel/core@npm:^7.7.2, @babel/core@npm:^7.8.0":
  version: 7.26.0
  resolution: "@babel/core@npm:7.26.0"
  dependencies:
    "@ampproject/remapping": "npm:^2.2.0"
    "@babel/code-frame": "npm:^7.26.0"
    "@babel/generator": "npm:^7.26.0"
    "@babel/helper-compilation-targets": "npm:^7.25.9"
    "@babel/helper-module-transforms": "npm:^7.26.0"
    "@babel/helpers": "npm:^7.26.0"
    "@babel/parser": "npm:^7.26.0"
    "@babel/template": "npm:^7.25.9"
    "@babel/traverse": "npm:^7.25.9"
    "@babel/types": "npm:^7.26.0"
    convert-source-map: "npm:^2.0.0"
    debug: "npm:^4.1.0"
    gensync: "npm:^1.0.0-beta.2"
    json5: "npm:^2.2.3"
    semver: "npm:^6.3.1"
  checksum: 10c0/91de73a7ff5c4049fbc747930aa039300e4d2670c2a91f5aa622f1b4868600fc89b01b6278385fbcd46f9574186fa3d9b376a9e7538e50f8d118ec13cfbcb63e
  languageName: node
  linkType: hard

"@babel/eslint-parser@npm:^7.16.3":
  version: 7.25.9
  resolution: "@babel/eslint-parser@npm:7.25.9"
  dependencies:
    "@nicolo-ribaudo/eslint-scope-5-internals": "npm:5.1.1-v1"
    eslint-visitor-keys: "npm:^2.1.0"
    semver: "npm:^6.3.1"
  peerDependencies:
    "@babel/core": ^7.11.0
    eslint: ^7.5.0 || ^8.0.0 || ^9.0.0
  checksum: 10c0/7dc525da9a076906aff562f82373765785732edf306e2be6497e347ed73be80d3544f2f845a77c2376bfa1c7c8c3580ea7346b12b78d8ddf4365c44fe9c35c4b
